
Microsoft Visual Studio Solution File, Format Version 12.00
Project("{FAE04EC0-301F-11D3-BF4B-00C04F79EFBC}") = "BP.Domain", "BP.Domain\BP.Domain.csproj", "{86457DD9-E408-41B8-9CA4-5B420DE7E184}"
EndProject
Project("{FAE04EC0-301F-11D3-BF4B-00C04F79EFBC}") = "BP.Domain.UnitTests", "BP.Domain.UnitTests\BP.Domain.UnitTests.csproj", "{FA9D5F9E-E47F-4BF5-90B4-0DB1768E6D82}"
EndProject
Global
	GlobalSection(SolutionConfigurationPlatforms) = preSolution
		Debug|Any CPU = Debug|Any CPU
		Release|Any CPU = Release|Any CPU
	EndGlobalSection
	GlobalSection(ProjectConfigurationPlatforms) = postSolution
		{86457DD9-E408-41B8-9CA4-5B420DE7E184}.Debug|Any CPU.ActiveCfg = Debug|Any CPU
		{86457DD9-E408-41B8-9CA4-5B420DE7E184}.Debug|Any CPU.Build.0 = Debug|Any CPU
		{86457DD9-E408-41B8-9CA4-5B420DE7E184}.Release|Any CPU.ActiveCfg = Release|Any CPU
		{86457DD9-E408-41B8-9CA4-5B420DE7E184}.Release|Any CPU.Build.0 = Release|Any CPU
		{FA9D5F9E-E47F-4BF5-90B4-0DB1768E6D82}.Debug|Any CPU.ActiveCfg = Debug|Any CPU
		{FA9D5F9E-E47F-4BF5-90B4-0DB1768E6D82}.Debug|Any CPU.Build.0 = Debug|Any CPU
		{FA9D5F9E-E47F-4BF5-90B4-0DB1768E6D82}.Release|Any CPU.ActiveCfg = Release|Any CPU
		{FA9D5F9E-E47F-4BF5-90B4-0DB1768E6D82}.Release|Any CPU.Build.0 = Release|Any CPU
	EndGlobalSection
EndGlobal
